<?xml version="1.0" encoding="utf-8"?>
<Project ToolsVersion="4.0" xmlns="http://schemas.microsoft.com/developer/msbuild/2003">
  <ItemGroup>
    <Filter Include="Header Files">
      <UniqueIdentifier>{93995380-89BD-4b04-88EB-625FBE52EBFB}</UniqueIdentifier>
      <Extensions>h;hpp;hxx;hm;inl;inc;xsd</Extensions>
    </Filter>
    <Filter Include="Header Files\Engine">
      <UniqueIdentifier>{21320252-decb-4777-b8f6-cb6c1d692e82}</UniqueIdentifier>
    </Filter>
    <Filter Include="Source Files">
      <UniqueIdentifier>{4FC737F1-C7A5-4376-A066-2A32D752A2FF}</UniqueIdentifier>
      <Extensions>cpp;c;cc;cxx;def;odl;idl;hpj;bat;asm;asmx</Extensions>
    </Filter>
    <Filter Include="Source Files\Engine">
      <UniqueIdentifier>{9dad4a46-a251-4f8a-a6ac-fa7d5a4a5c9d}</UniqueIdentifier>
    </Filter>
    <Filter Include="Source Files\Screens">
      <UniqueIdentifier>{d23d7541-d0a1-487f-b365-cbdc1e0fe929}</UniqueIdentifier>
    </Filter>
    <Filter Include="Header Files\Screens">
      <UniqueIdentifier>{78f0eddf-b44b-48f1-afa2-f35b8bc809b1}</UniqueIdentifier>
    </Filter>
    <Filter Include="Source Files\Engine\Utils">
      <UniqueIdentifier>{3b524395-eb3b-4858-ba22-296faf45a3a6}</UniqueIdentifier>
    </Filter>
    <Filter Include="Header Files\Engine\Utils">
      <UniqueIdentifier>{18bd5661-e502-4cc3-a79e-5172f004fb95}</UniqueIdentifier>
    </Filter>
    <Filter Include="Header Files\Voxel">
      <UniqueIdentifier>{0180495f-82e3-4273-9e60-d833afae7c75}</UniqueIdentifier>
    </Filter>
    <Filter Include="Source Files\Voxel">
      <UniqueIdentifier>{e5248dd5-44e4-4f91-91b7-28227e9f009a}</UniqueIdentifier>
    </Filter>
    <Filter Include="Header Files\Engine\Graphics">
      <UniqueIdentifier>{cbac6b1e-1053-4599-8827-3ee39e60440a}</UniqueIdentifier>
    </Filter>
    <Filter Include="Header Files\Engine\Model">
      <UniqueIdentifier>{11e24b22-3565-417b-975b-a3275dc528c4}</UniqueIdentifier>
    </Filter>
    <Filter Include="Source Files\Engine\Graphics">
      <UniqueIdentifier>{0afe63ac-2d02-43eb-a905-5559be976a17}</UniqueIdentifier>
    </Filter>
    <Filter Include="Assets">
      <UniqueIdentifier>{61951764-42a0-4d7e-b5c0-5ab7af34a28d}</UniqueIdentifier>
    </Filter>
    <Filter Include="Assets\Textures">
      <UniqueIdentifier>{b425fa23-49e6-4f34-87c9-5037a616e822}</UniqueIdentifier>
    </Filter>
    <Filter Include="Assets\Shaders">
      <UniqueIdentifier>{11908bdf-a7b3-45cf-b06a-b8f2bdd7f112}</UniqueIdentifier>
    </Filter>
    <Filter Include="Header Files\Engine\Graphics\Renderers">
      <UniqueIdentifier>{8058e4b9-26b4-42d0-a401-e165ae4c60fc}</UniqueIdentifier>
    </Filter>
    <Filter Include="Source Files\Engine\Graphics\Renderers">
      <UniqueIdentifier>{bb9864ae-0a7f-4d19-b45c-c6643eaa5ed0}</UniqueIdentifier>
    </Filter>
    <Filter Include="Assets\Models">
      <UniqueIdentifier>{27e1ad42-302a-4d18-aa65-d700b7a7773f}</UniqueIdentifier>
    </Filter>
    <Filter Include="Assets\Models\Skybox">
      <UniqueIdentifier>{4728e2e3-8161-4735-9497-dd4ea5004fa3}</UniqueIdentifier>
    </Filter>
    <Filter Include="Assets\Textures\MinecraftBlocks">
      <UniqueIdentifier>{80222897-9a92-49d1-9faf-4b6d5e55ba84}</UniqueIdentifier>
    </Filter>
    <Filter Include="Header Files\Engine\Input">
      <UniqueIdentifier>{e0376f48-7e7d-4140-b5c3-af5c3520ec2b}</UniqueIdentifier>
    </Filter>
    <Filter Include="Source Files\Engine\Input">
      <UniqueIdentifier>{7340cd5f-3b6a-4be8-8af5-58351aafe7ba}</UniqueIdentifier>
    </Filter>
    <Filter Include="Assets\Scripts">
      <UniqueIdentifier>{3bbe1b7f-ad0a-4a4c-a79f-6c40f9086332}</UniqueIdentifier>
    </Filter>
    <Filter Include="Assets\Scripts\Blocks">
      <UniqueIdentifier>{5b288424-fba1-4372-8046-865e97b66637}</UniqueIdentifier>
    </Filter>
    <Filter Include="Assets\Scripts\WorldGen">
      <UniqueIdentifier>{1778dc14-c244-425a-8650-6e1ed032d739}</UniqueIdentifier>
    </Filter>
    <Filter Include="Source Files\Engine\Graphics\GL">
      <UniqueIdentifier>{5b2fd093-bd5e-42d8-b786-4b6e7273ff9d}</UniqueIdentifier>
    </Filter>
    <Filter Include="Header Files\Engine\Graphics\GL">
      <UniqueIdentifier>{3298f005-bda8-426e-a8d7-4575d65643a6}</UniqueIdentifier>
    </Filter>
    <Filter Include="Header Files\Engine\Graphics\D3D">
      <UniqueIdentifier>{57dc0229-da3c-4180-ba95-4f2d5e071d10}</UniqueIdentifier>
    </Filter>
    <Filter Include="Header Files\Engine\Graphics\Model">
      <UniqueIdentifier>{927bb3a6-0ae5-4daa-9a48-3dc0659d219d}</UniqueIdentifier>
    </Filter>
    <Filter Include="Source Files\Engine\Entity">
      <UniqueIdentifier>{c3d6c779-569e-4568-91ec-aef01d6cbb18}</UniqueIdentifier>
    </Filter>
    <Filter Include="Header Files\Engine\Entity">
      <UniqueIdentifier>{c371afab-68f2-485e-adcb-2d3f8905bfd6}</UniqueIdentifier>
    </Filter>
    <Filter Include="Header Files\Entity">
      <UniqueIdentifier>{0db6a42f-ccd5-437a-a335-4bc04300bc00}</UniqueIdentifier>
    </Filter>
    <Filter Include="Source Files\Engine\Graphics\D3D">
      <UniqueIdentifier>{f9317aeb-2fa7-4387-b015-8a3b5d536def}</UniqueIdentifier>
    </Filter>
  </ItemGroup>
  <ItemGroup>
    <ClInclude Include="Engine\Graphics\Camera.h">
      <Filter>Header Files\Engine\Graphics</Filter>
    </ClInclude>
    <ClInclude Include="Engine\Graphics\PerspectiveCamera.h">
      <Filter>Header Files\Engine\Graphics</Filter>
    </ClInclude>
    <ClInclude Include="Engine\Graphics\Pixmap.h">
      <Filter>Header Files\Engine\Graphics</Filter>
    </ClInclude>
    <ClInclude Include="Engine\Graphics\Renderers\SkyBox.h">
      <Filter>Header Files\Engine\Graphics\Renderers</Filter>
    </ClInclude>
    <ClInclude Include="Engine\Graphics\Renderers\SpriteBatch.h">
      <Filter>Header Files\Engine\Graphics\Renderers</Filter>
    </ClInclude>
    <ClInclude Include="Engine\Model\IKeyListener.h">
      <Filter>Header Files\Engine\Model</Filter>
    </ClInclude>
    <ClInclude Include="Engine\Model\IMouseListener.h">
      <Filter>Header Files\Engine\Model</Filter>
    </ClInclude>
    <ClInclude Include="Engine\Model\IScreen.h">
      <Filter>Header Files\Engine\Model</Filter>
    </ClInclude>
    <ClInclude Include="Engine\Utils\CheckGLError.h">
      <Filter>Header Files\Engine\Utils</Filter>
    </ClInclude>
    <ClInclude Include="Engine\Utils\FPSCameraController.h">
      <Filter>Header Files\Engine\Utils</Filter>
    </ClInclude>
    <ClInclude Include="Engine\Utils\PerlinGenerator.h">
      <Filter>Header Files\Engine\Utils</Filter>
    </ClInclude>
    <ClInclude Include="Engine\Utils\Random.h">
      <Filter>Header Files\Engine\Utils</Filter>
    </ClInclude>
    <ClInclude Include="Engine\Utils\ShaderManager.h">
      <Filter>Header Files\Engine\Utils</Filter>
    </ClInclude>
    <ClInclude Include="Engine\Utils\stb_image.h">
      <Filter>Header Files\Engine\Utils</Filter>
    </ClInclude>
    <ClInclude Include="Screens\GameScreen.h">
      <Filter>Header Files\Screens</Filter>
    </ClInclude>
    <ClInclude Include="Voxel\VoxelChunk.h">
      <Filter>Header Files\Voxel</Filter>
    </ClInclude>
    <ClInclude Include="Voxel\VoxelWorld.h">
      <Filter>Header Files\Voxel</Filter>
    </ClInclude>
    <ClInclude Include="Game.h">
      <Filter>Header Files</Filter>
    </ClInclude>
    <ClInclude Include="Engine\Graphics\Graphics.h">
      <Filter>Header Files\Engine\Graphics</Filter>
    </ClInclude>
    <ClInclude Include="Engine\Input\Input.h">
      <Filter>Header Files\Engine\Input</Filter>
    </ClInclude>
    <ClInclude Include="Engine\Utils\CheckLuaError.h">
      <Filter>Header Files\Engine\Utils</Filter>
    </ClInclude>
    <ClInclude Include="Voxel\LuaVoxelConfig.h">
      <Filter>Header Files\Voxel</Filter>
    </ClInclude>
    <ClInclude Include="Voxel\PropertyManager.h">
      <Filter>Header Files\Voxel</Filter>
    </ClInclude>
    <ClInclude Include="Voxel\WorldRenderer.h">
      <Filter>Header Files\Voxel</Filter>
    </ClInclude>
    <ClInclude Include="Engine\Graphics\Color8888.h">
      <Filter>Header Files\Engine\Graphics</Filter>
    </ClInclude>
    <ClInclude Include="Voxel\ChunkManager.h">
      <Filter>Header Files\Voxel</Filter>
    </ClInclude>
    <ClInclude Include="Voxel\VoxelBlock.h">
      <Filter>Header Files\Voxel</Filter>
    </ClInclude>
    <ClInclude Include="Voxel\VoxelRenderer.h">
      <Filter>Header Files\Voxel</Filter>
    </ClInclude>
    <ClInclude Include="Engine\Utils\Comparables.h">
      <Filter>Header Files\Engine\Utils</Filter>
    </ClInclude>
    <ClInclude Include="Engine\Utils\VoidDataList.h">
      <Filter>Header Files\Engine\Utils</Filter>
    </ClInclude>
    <ClInclude Include="Engine\Graphics\Frustum.h">
      <Filter>Header Files\Engine\Graphics</Filter>
    </ClInclude>
    <ClInclude Include="Engine\Utils\noiseutils.h">
      <Filter>Header Files\Engine\Utils</Filter>
    </ClInclude>
    <ClInclude Include="Engine\Graphics\Renderers\QuadRenderer.h">
      <Filter>Header Files\Engine\Graphics\Renderers</Filter>
    </ClInclude>
    <ClInclude Include="Engine\Utils\FileReader.h">
      <Filter>Header Files\Engine\Utils</Filter>
    </ClInclude>
    <ClInclude Include="Engine\Graphics\Model\ITexture.h">
      <Filter>Header Files\Engine\Graphics\Model</Filter>
    </ClInclude>
    <ClInclude Include="Engine\Graphics\Model\IVertexBuffer.h">
      <Filter>Header Files\Engine\Graphics\Model</Filter>
    </ClInclude>
    <ClInclude Include="Engine\Graphics\Model\IConstantBuffer.h">
      <Filter>Header Files\Engine\Graphics\Model</Filter>
    </ClInclude>
    <ClInclude Include="Engine\Graphics\GL\GLGraphicsProvider.h">
      <Filter>Header Files\Engine\Graphics\GL</Filter>
    </ClInclude>
    <ClInclude Include="Engine\Graphics\Model\IShader.h">
      <Filter>Header Files\Engine\Graphics\Model</Filter>
    </ClInclude>
    <ClInclude Include="Engine\Entity\Entity.h">
      <Filter>Header Files\Engine\Entity</Filter>
    </ClInclude>
    <ClInclude Include="Engine\Entity\IComponent.h">
      <Filter>Header Files\Engine\Entity</Filter>
    </ClInclude>
    <ClInclude Include="Engine\Entity\IEntitySystem.h">
      <Filter>Header Files\Engine\Entity</Filter>
    </ClInclude>
    <ClInclude Include="Engine\Entity\ComponentUpdateSystem.h">
      <Filter>Header Files\Engine\Entity</Filter>
    </ClInclude>
    <ClInclude Include="Engine\Graphics\Model\IIndiceBuffer.h">
      <Filter>Header Files\Engine\Graphics\Model</Filter>
    </ClInclude>
    <ClInclude Include="Engine\Graphics\D3D\D3DGraphicsProvider.h">
      <Filter>Header Files\Engine\Graphics\D3D</Filter>
    </ClInclude>
    <ClInclude Include="Engine\Graphics\D3D\D3DVertexBuffer.h">
      <Filter>Header Files\Engine\Graphics\D3D</Filter>
    </ClInclude>
    <ClInclude Include="Engine\Graphics\GL\GLConstantBuffer.h">
      <Filter>Header Files\Engine\Graphics\GL</Filter>
    </ClInclude>
    <ClInclude Include="Engine\Graphics\GL\GLCubeMap.h">
      <Filter>Header Files\Engine\Graphics\GL</Filter>
    </ClInclude>
    <ClInclude Include="Engine\Graphics\GL\GLDepthCubeMap.h">
      <Filter>Header Files\Engine\Graphics\GL</Filter>
    </ClInclude>
    <ClInclude Include="Engine\Graphics\GL\GLGBuffer.h">
      <Filter>Header Files\Engine\Graphics\GL</Filter>
    </ClInclude>
    <ClInclude Include="Engine\Graphics\GL\GLMesh.h">
      <Filter>Header Files\Engine\Graphics\GL</Filter>
    </ClInclude>
    <ClInclude Include="Engine\Graphics\GL\GLShader.h">
      <Filter>Header Files\Engine\Graphics\GL</Filter>
    </ClInclude>
    <ClInclude Include="Engine\Graphics\GL\GLStateBuffer.h">
      <Filter>Header Files\Engine\Graphics\GL</Filter>
    </ClInclude>
    <ClInclude Include="Engine\Graphics\GL\GLTexture.h">
      <Filter>Header Files\Engine\Graphics\GL</Filter>
    </ClInclude>
    <ClInclude Include="Engine\Graphics\GL\GLTextureArray.h">
      <Filter>Header Files\Engine\Graphics\GL</Filter>
    </ClInclude>
    <ClInclude Include="Engine\Graphics\GL\GLVertexBuffer.h">
      <Filter>Header Files\Engine\Graphics\GL</Filter>
    </ClInclude>
    <ClInclude Include="Engine\Graphics\Model\ITextureArray.h">
      <Filter>Header Files\Engine\Graphics\Model</Filter>
    </ClInclude>
    <ClInclude Include="Engine\Graphics\Model\EDrawMode.h">
      <Filter>Header Files\Engine\Graphics\Model</Filter>
    </ClInclude>
    <ClInclude Include="Engine\Graphics\Model\IRenderThread.h">
      <Filter>Header Files\Engine\Graphics\Model</Filter>
    </ClInclude>
    <ClInclude Include="Engine\Graphics\Model\EBufferMapFlagBits.h">
      <Filter>Header Files\Engine\Graphics\Model</Filter>
    </ClInclude>
    <ClInclude Include="Engine\Graphics\GL\GLCommandQueue.h">
      <Filter>Header Files\Engine\Graphics\GL</Filter>
    </ClInclude>
  </ItemGroup>
  <ItemGroup>
    <ClCompile Include="main.cpp">
      <Filter>Source Files</Filter>
    </ClCompile>
    <ClCompile Include="Engine\Graphics\Pixmap.cpp">
      <Filter>Source Files\Engine\Graphics</Filter>
    </ClCompile>
    <ClCompile Include="Engine\Graphics\PerspectiveCamera.cpp">
      <Filter>Source Files\Engine\Graphics</Filter>
    </ClCompile>
    <ClCompile Include="Engine\Graphics\Camera.cpp">
      <Filter>Source Files\Engine\Graphics</Filter>
    </ClCompile>
    <ClCompile Include="Engine\Graphics\Renderers\SpriteBatch.cpp">
      <Filter>Source Files\Engine\Graphics\Renderers</Filter>
    </ClCompile>
    <ClCompile Include="Engine\Graphics\Renderers\SkyBox.cpp">
      <Filter>Source Files\Engine\Graphics\Renderers</Filter>
    </ClCompile>
    <ClCompile Include="Engine\Utils\ShaderManager.cpp">
      <Filter>Source Files\Engine\Utils</Filter>
    </ClCompile>
    <ClCompile Include="Engine\Utils\PerlinGenerator.cpp">
      <Filter>Source Files\Engine\Utils</Filter>
    </ClCompile>
    <ClCompile Include="Engine\Utils\FPSCameraController.cpp">
      <Filter>Source Files\Engine\Utils</Filter>
    </ClCompile>
    <ClCompile Include="Engine\Utils\CheckGLError.cpp">
      <Filter>Source Files\Engine\Utils</Filter>
    </ClCompile>
    <ClCompile Include="Screens\GameScreen.cpp">
      <Filter>Source Files\Screens</Filter>
    </ClCompile>
    <ClCompile Include="Voxel\VoxelWorld.cpp">
      <Filter>Source Files\Voxel</Filter>
    </ClCompile>
    <ClCompile Include="Engine\Utils\stb_image.c">
      <Filter>Source Files\Engine\Utils</Filter>
    </ClCompile>
    <ClCompile Include="Engine\Input\Input.cpp">
      <Filter>Source Files\Engine\Input</Filter>
    </ClCompile>
    <ClCompile Include="Engine\Graphics\Graphics.cpp">
      <Filter>Source Files\Engine\Graphics</Filter>
    </ClCompile>
    <ClCompile Include="Game.cpp">
      <Filter>Source Files</Filter>
    </ClCompile>
    <ClCompile Include="Voxel\PropertyManager.cpp">
      <Filter>Source Files\Voxel</Filter>
    </ClCompile>
    <ClCompile Include="Voxel\WorldRenderer.cpp">
      <Filter>Source Files\Voxel</Filter>
    </ClCompile>
    <ClCompile Include="Voxel\ChunkManager.cpp">
      <Filter>Source Files\Voxel</Filter>
    </ClCompile>
    <ClCompile Include="Voxel\VoxelChunk.cpp">
      <Filter>Source Files\Voxel</Filter>
    </ClCompile>
    <ClCompile Include="Voxel\VoxelRenderer.cpp">
      <Filter>Source Files\Voxel</Filter>
    </ClCompile>
    <ClCompile Include="Voxel\VoxelBlock.cpp">
      <Filter>Source Files\Voxel</Filter>
    </ClCompile>
    <ClCompile Include="Engine\Utils\VoidDataList.cpp">
      <Filter>Source Files\Engine\Utils</Filter>
    </ClCompile>
    <ClCompile Include="Engine\Graphics\Frustum.cpp">
      <Filter>Source Files\Engine\Graphics</Filter>
    </ClCompile>
    <ClCompile Include="Engine\Utils\noiseutils.cpp">
      <Filter>Source Files\Engine\Utils</Filter>
    </ClCompile>
    <ClCompile Include="Engine\Graphics\Renderers\QuadRenderer.cpp">
      <Filter>Source Files\Engine\Graphics\Renderers</Filter>
    </ClCompile>
    <ClCompile Include="Engine\Utils\FileReader.cpp">
      <Filter>Source Files\Engine\Utils</Filter>
    </ClCompile>
    <ClCompile Include="Engine\Graphics\Model\IGraphicsProvider.h">
      <Filter>Header Files\Engine\Graphics\Model</Filter>
    </ClCompile>
    <ClCompile Include="Engine\Graphics\GL\GLGraphicsProvider.cpp">
      <Filter>Source Files\Engine\Graphics\GL</Filter>
    </ClCompile>
    <ClCompile Include="Engine\Graphics\Model\IStateBuffer.h">
      <Filter>Header Files\Engine\Graphics\Model</Filter>
    </ClCompile>
    <ClCompile Include="Engine\Graphics\D3D\D3DVertexBuffer.cpp">
      <Filter>Source Files\Engine\Graphics\D3D</Filter>
    </ClCompile>
    <ClCompile Include="Engine\Graphics\GL\GLVertexBuffer.cpp">
      <Filter>Source Files\Engine\Graphics\GL</Filter>
    </ClCompile>
    <ClCompile Include="Engine\Graphics\GL\GLTextureArray.cpp">
      <Filter>Source Files\Engine\Graphics\GL</Filter>
    </ClCompile>
    <ClCompile Include="Engine\Graphics\GL\GLTexture.cpp">
      <Filter>Source Files\Engine\Graphics\GL</Filter>
    </ClCompile>
    <ClCompile Include="Engine\Graphics\GL\GLStateBuffer.cpp">
      <Filter>Source Files\Engine\Graphics\GL</Filter>
    </ClCompile>
    <ClCompile Include="Engine\Graphics\GL\GLShader.cpp">
      <Filter>Source Files\Engine\Graphics\GL</Filter>
    </ClCompile>
    <ClCompile Include="Engine\Graphics\GL\GLGBuffer.cpp">
      <Filter>Source Files\Engine\Graphics\GL</Filter>
    </ClCompile>
    <ClCompile Include="Engine\Graphics\GL\GLCubeMap.cpp">
      <Filter>Source Files\Engine\Graphics\GL</Filter>
    </ClCompile>
    <ClCompile Include="Engine\Graphics\GL\GLMesh.cpp">
      <Filter>Source Files\Engine\Graphics\GL</Filter>
    </ClCompile>
    <ClCompile Include="Engine\Graphics\D3D\D3DGraphicsProvider.cpp">
      <Filter>Source Files\Engine\Graphics\D3D</Filter>
    </ClCompile>
  </ItemGroup>
  <ItemGroup>
    <None Include="Assets\Textures\MinecraftBlocks\fire_layer_0.png.mcmeta">
      <Filter>Assets\Textures\MinecraftBlocks</Filter>
    </None>
    <None Include="Assets\Textures\MinecraftBlocks\fire_layer_1.png.mcmeta">
      <Filter>Assets\Textures\MinecraftBlocks</Filter>
    </None>
    <None Include="Assets\Textures\MinecraftBlocks\lava_flow.png.mcmeta">
      <Filter>Assets\Textures\MinecraftBlocks</Filter>
    </None>
    <None Include="Assets\Textures\MinecraftBlocks\lava_still.png.mcmeta">
      <Filter>Assets\Textures\MinecraftBlocks</Filter>
    </None>
    <None Include="Assets\Textures\MinecraftBlocks\portal.png.mcmeta">
      <Filter>Assets\Textures\MinecraftBlocks</Filter>
    </None>
    <None Include="Assets\Textures\MinecraftBlocks\water_flow.png.mcmeta">
      <Filter>Assets\Textures\MinecraftBlocks</Filter>
    </None>
    <None Include="Assets\Textures\MinecraftBlocks\water_still.png.mcmeta">
      <Filter>Assets\Textures\MinecraftBlocks</Filter>
    </None>
    <None Include="Assets\Shaders\forwardshader.frag">
      <Filter>Assets\Shaders</Filter>
    </None>
    <None Include="Assets\Shaders\forwardshader.vert">
      <Filter>Assets\Shaders</Filter>
    </None>
    <None Include="Assets\Shaders\fullscreenquad.geom">
      <Filter>Assets\Shaders</Filter>
    </None>
    <None Include="Assets\Shaders\skybox.frag">
      <Filter>Assets\Shaders</Filter>
    </None>
    <None Include="Assets\Shaders\skybox.vert">
      <Filter>Assets\Shaders</Filter>
    </None>
    <None Include="Assets\Shaders\spritebatch.frag">
      <Filter>Assets\Shaders</Filter>
    </None>
    <None Include="Assets\Shaders\spritebatch.vert">
      <Filter>Assets\Shaders</Filter>
    </None>
    <None Include="Assets\Scripts\Init.lua">
      <Filter>Assets\Scripts</Filter>
    </None>
    <None Include="Assets\Scripts\Blocks\DirtBlock.lua">
      <Filter>Assets\Scripts\Blocks</Filter>
    </None>
    <None Include="Assets\Scripts\Blocks\StoneBlock.lua">
      <Filter>Assets\Scripts\Blocks</Filter>
    </None>
    <None Include="Assets\Scripts\WorldGen\GenTest.lua">
      <Filter>Assets\Scripts\WorldGen</Filter>
    </None>
    <None Include="Assets\Shaders\voxelshader.frag">
      <Filter>Assets\Shaders</Filter>
    </None>
    <None Include="Assets\Shaders\voxelshader.vert">
      <Filter>Assets\Shaders</Filter>
    </None>
    <None Include="Assets\Scripts\Blocks\GravelBlock.lua">
      <Filter>Assets\Scripts\Blocks</Filter>
    </None>
    <None Include="Assets\Scripts\Blocks\CobbleStoneBlock.lua">
      <Filter>Assets\Scripts\Blocks</Filter>
    </None>
    <None Include="Assets\Scripts\Blocks\CoalOreBlock.lua">
      <Filter>Assets\Scripts\Blocks</Filter>
    </None>
    <None Include="Assets\Scripts\Blocks\IronOreBlock.lua">
      <Filter>Assets\Scripts\Blocks</Filter>
    </None>
    <None Include="Assets\Scripts\Blocks\GoldOreBlock.lua">
      <Filter>Assets\Scripts\Blocks</Filter>
    </None>
    <None Include="Assets\Scripts\Blocks\DiamondOreBlock.lua">
      <Filter>Assets\Scripts\Blocks</Filter>
    </None>
    <None Include="Assets\Shaders\multishadowmap.geom">
      <Filter>Assets\Shaders</Filter>
    </None>
    <None Include="Assets\Shaders\multishadowmap.vert">
      <Filter>Assets\Shaders</Filter>
    </None>
    <None Include="Assets\Scripts\Bindings.lua">
      <Filter>Assets\Scripts</Filter>
    </None>
    <None Include="Assets\Shaders\quad.vert">
      <Filter>Assets\Shaders</Filter>
    </None>
    <None Include="Assets\Shaders\quad.frag">
      <Filter>Assets\Shaders</Filter>
    </None>
    <None Include="Assets\Scripts\Blocks\GrassBlock.lua">
      <Filter>Assets\Scripts\Blocks</Filter>
    </None>
    <None Include="Assets\Scripts\Blocks\SnowBlock.lua">
      <Filter>Assets\Scripts\Blocks</Filter>
    </None>
    <None Include="Assets\Scripts\Blocks\SandBlock.lua">
      <Filter>Assets\Scripts\Blocks</Filter>
    </None>
    <None Include="Assets\Scripts\Blocks\GrassSnowBlock.lua">
      <Filter>Assets\Scripts\Blocks</Filter>
    </None>
    <None Include="Assets\Scripts\Blocks\WaterBlock.lua">
      <Filter>Assets\Scripts\Blocks</Filter>
    </None>
    <None Include="Assets\Shaders\depth.frag">
      <Filter>Assets\Shaders</Filter>
    </None>
    <None Include="Assets\Shaders\voxelshaderdepth.vert">
      <Filter>Assets\Shaders</Filter>
    </None>
    <None Include="Assets\Shaders\lightcalc.vert">
      <Filter>Assets\Shaders</Filter>
    </None>
    <None Include="Assets\Shaders\lightcalc.frag">
      <Filter>Assets\Shaders</Filter>
    </None>
    <None Include="Assets\Shaders\deferredpointlight.vert">
      <Filter>Assets\Shaders</Filter>
    </None>
    <None Include="Assets\Shaders\deferredpointlight.frag">
      <Filter>Assets\Shaders</Filter>
    </None>
    <None Include="Assets\Shaders\geometry.frag">
      <Filter>Assets\Shaders</Filter>
    </None>
    <None Include="Assets\Shaders\geometry.vert">
      <Filter>Assets\Shaders</Filter>
    </None>
    <None Include="Assets\Shaders\modelshader.vert">
      <Filter>Assets\Shaders</Filter>
    </None>
    <None Include="Assets\Shaders\modelshader.frag">
      <Filter>Assets\Shaders</Filter>
    </None>
    <None Include="Assets\Shaders\d3dtest.hlsl">
      <Filter>Assets\Shaders</Filter>
    </None>
  </ItemGroup>
  <ItemGroup>
    <Image Include="Assets\Models\Skybox\back.bmp">
      <Filter>Assets\Models\Skybox</Filter>
    </Image>
    <Image Include="Assets\Models\Skybox\bottom.bmp">
      <Filter>Assets\Models\Skybox</Filter>
    </Image>
    <Image Include="Assets\Models\Skybox\front.bmp">
      <Filter>Assets\Models\Skybox</Filter>
    </Image>
    <Image Include="Assets\Models\Skybox\left.bmp">
      <Filter>Assets\Models\Skybox</Filter>
    </Image>
    <Image Include="Assets\Models\Skybox\right.bmp">
      <Filter>Assets\Models\Skybox</Filter>
    </Image>
    <Image Include="Assets\Models\Skybox\top.bmp">
      <Filter>Assets\Models\Skybox</Filter>
    </Image>
    <Image Include="Assets\Textures\MinecraftBlocks\anvil_base.png">
      <Filter>Assets\Textures\MinecraftBlocks</Filter>
    </Image>
    <Image Include="Assets\Textures\MinecraftBlocks\anvil_top_damaged_0.png">
      <Filter>Assets\Textures\MinecraftBlocks</Filter>
    </Image>
    <Image Include="Assets\Textures\MinecraftBlocks\anvil_top_damaged_1.png">
      <Filter>Assets\Textures\MinecraftBlocks</Filter>
    </Image>
    <Image Include="Assets\Textures\MinecraftBlocks\anvil_top_damaged_2.png">
      <Filter>Assets\Textures\MinecraftBlocks</Filter>
    </Image>
    <Image Include="Assets\Textures\MinecraftBlocks\beacon.png">
      <Filter>Assets\Textures\MinecraftBlocks</Filter>
    </Image>
    <Image Include="Assets\Textures\MinecraftBlocks\bed_feet_end.png">
      <Filter>Assets\Textures\MinecraftBlocks</Filter>
    </Image>
    <Image Include="Assets\Textures\MinecraftBlocks\bed_feet_side.png">
      <Filter>Assets\Textures\MinecraftBlocks</Filter>
    </Image>
    <Image Include="Assets\Textures\MinecraftBlocks\bed_feet_top.png">
      <Filter>Assets\Textures\MinecraftBlocks</Filter>
    </Image>
    <Image Include="Assets\Textures\MinecraftBlocks\bed_head_end.png">
      <Filter>Assets\Textures\MinecraftBlocks</Filter>
    </Image>
    <Image Include="Assets\Textures\MinecraftBlocks\bed_head_side.png">
      <Filter>Assets\Textures\MinecraftBlocks</Filter>
    </Image>
    <Image Include="Assets\Textures\MinecraftBlocks\bed_head_top.png">
      <Filter>Assets\Textures\MinecraftBlocks</Filter>
    </Image>
    <Image Include="Assets\Textures\MinecraftBlocks\bedrock.png">
      <Filter>Assets\Textures\MinecraftBlocks</Filter>
    </Image>
    <Image Include="Assets\Textures\MinecraftBlocks\bookshelf.png">
      <Filter>Assets\Textures\MinecraftBlocks</Filter>
    </Image>
    <Image Include="Assets\Textures\MinecraftBlocks\brewing_stand.png">
      <Filter>Assets\Textures\MinecraftBlocks</Filter>
    </Image>
    <Image Include="Assets\Textures\MinecraftBlocks\brewing_stand_base.png">
      <Filter>Assets\Textures\MinecraftBlocks</Filter>
    </Image>
    <Image Include="Assets\Textures\MinecraftBlocks\brick.png">
      <Filter>Assets\Textures\MinecraftBlocks</Filter>
    </Image>
    <Image Include="Assets\Textures\MinecraftBlocks\cactus_bottom.png">
      <Filter>Assets\Textures\MinecraftBlocks</Filter>
    </Image>
    <Image Include="Assets\Textures\MinecraftBlocks\cactus_side.png">
      <Filter>Assets\Textures\MinecraftBlocks</Filter>
    </Image>
    <Image Include="Assets\Textures\MinecraftBlocks\cactus_top.png">
      <Filter>Assets\Textures\MinecraftBlocks</Filter>
    </Image>
    <Image Include="Assets\Textures\MinecraftBlocks\cake_bottom.png">
      <Filter>Assets\Textures\MinecraftBlocks</Filter>
    </Image>
    <Image Include="Assets\Textures\MinecraftBlocks\cake_inner.png">
      <Filter>Assets\Textures\MinecraftBlocks</Filter>
    </Image>
    <Image Include="Assets\Textures\MinecraftBlocks\cake_side.png">
      <Filter>Assets\Textures\MinecraftBlocks</Filter>
    </Image>
    <Image Include="Assets\Textures\MinecraftBlocks\cake_top.png">
      <Filter>Assets\Textures\MinecraftBlocks</Filter>
    </Image>
    <Image Include="Assets\Textures\MinecraftBlocks\carrots_stage_0.png">
      <Filter>Assets\Textures\MinecraftBlocks</Filter>
    </Image>
    <Image Include="Assets\Textures\MinecraftBlocks\carrots_stage_1.png">
      <Filter>Assets\Textures\MinecraftBlocks</Filter>
    </Image>
    <Image Include="Assets\Textures\MinecraftBlocks\carrots_stage_2.png">
      <Filter>Assets\Textures\MinecraftBlocks</Filter>
    </Image>
    <Image Include="Assets\Textures\MinecraftBlocks\carrots_stage_3.png">
      <Filter>Assets\Textures\MinecraftBlocks</Filter>
    </Image>
    <Image Include="Assets\Textures\MinecraftBlocks\cauldron_bottom.png">
      <Filter>Assets\Textures\MinecraftBlocks</Filter>
    </Image>
    <Image Include="Assets\Textures\MinecraftBlocks\cauldron_inner.png">
      <Filter>Assets\Textures\MinecraftBlocks</Filter>
    </Image>
    <Image Include="Assets\Textures\MinecraftBlocks\cauldron_side.png">
      <Filter>Assets\Textures\MinecraftBlocks</Filter>
    </Image>
    <Image Include="Assets\Textures\MinecraftBlocks\cauldron_top.png">
      <Filter>Assets\Textures\MinecraftBlocks</Filter>
    </Image>
    <Image Include="Assets\Textures\MinecraftBlocks\clay.png">
      <Filter>Assets\Textures\MinecraftBlocks</Filter>
    </Image>
    <Image Include="Assets\Textures\MinecraftBlocks\coal_block.png">
      <Filter>Assets\Textures\MinecraftBlocks</Filter>
    </Image>
    <Image Include="Assets\Textures\MinecraftBlocks\coal_ore.png">
      <Filter>Assets\Textures\MinecraftBlocks</Filter>
    </Image>
    <Image Include="Assets\Textures\MinecraftBlocks\cobblestone.png">
      <Filter>Assets\Textures\MinecraftBlocks</Filter>
    </Image>
    <Image Include="Assets\Textures\MinecraftBlocks\cobblestone_mossy.png">
      <Filter>Assets\Textures\MinecraftBlocks</Filter>
    </Image>
    <Image Include="Assets\Textures\MinecraftBlocks\cocoa_stage_0.png">
      <Filter>Assets\Textures\MinecraftBlocks</Filter>
    </Image>
    <Image Include="Assets\Textures\MinecraftBlocks\cocoa_stage_1.png">
      <Filter>Assets\Textures\MinecraftBlocks</Filter>
    </Image>
    <Image Include="Assets\Textures\MinecraftBlocks\cocoa_stage_2.png">
      <Filter>Assets\Textures\MinecraftBlocks</Filter>
    </Image>
    <Image Include="Assets\Textures\MinecraftBlocks\command_block.png">
      <Filter>Assets\Textures\MinecraftBlocks</Filter>
    </Image>
    <Image Include="Assets\Textures\MinecraftBlocks\comparator_off.png">
      <Filter>Assets\Textures\MinecraftBlocks</Filter>
    </Image>
    <Image Include="Assets\Textures\MinecraftBlocks\comparator_on.png">
      <Filter>Assets\Textures\MinecraftBlocks</Filter>
    </Image>
    <Image Include="Assets\Textures\MinecraftBlocks\crafting_table_front.png">
      <Filter>Assets\Textures\MinecraftBlocks</Filter>
    </Image>
    <Image Include="Assets\Textures\MinecraftBlocks\crafting_table_side.png">
      <Filter>Assets\Textures\MinecraftBlocks</Filter>
    </Image>
    <Image Include="Assets\Textures\MinecraftBlocks\crafting_table_top.png">
      <Filter>Assets\Textures\MinecraftBlocks</Filter>
    </Image>
    <Image Include="Assets\Textures\MinecraftBlocks\daylight_detector_side.png">
      <Filter>Assets\Textures\MinecraftBlocks</Filter>
    </Image>
    <Image Include="Assets\Textures\MinecraftBlocks\daylight_detector_top.png">
      <Filter>Assets\Textures\MinecraftBlocks</Filter>
    </Image>
    <Image Include="Assets\Textures\MinecraftBlocks\deadbush.png">
      <Filter>Assets\Textures\MinecraftBlocks</Filter>
    </Image>
    <Image Include="Assets\Textures\MinecraftBlocks\destroy_stage_0.png">
      <Filter>Assets\Textures\MinecraftBlocks</Filter>
    </Image>
    <Image Include="Assets\Textures\MinecraftBlocks\destroy_stage_1.png">
      <Filter>Assets\Textures\MinecraftBlocks</Filter>
    </Image>
    <Image Include="Assets\Textures\MinecraftBlocks\destroy_stage_2.png">
      <Filter>Assets\Textures\MinecraftBlocks</Filter>
    </Image>
    <Image Include="Assets\Textures\MinecraftBlocks\destroy_stage_3.png">
      <Filter>Assets\Textures\MinecraftBlocks</Filter>
    </Image>
    <Image Include="Assets\Textures\MinecraftBlocks\destroy_stage_4.png">
      <Filter>Assets\Textures\MinecraftBlocks</Filter>
    </Image>
    <Image Include="Assets\Textures\MinecraftBlocks\destroy_stage_5.png">
      <Filter>Assets\Textures\MinecraftBlocks</Filter>
    </Image>
    <Image Include="Assets\Textures\MinecraftBlocks\destroy_stage_6.png">
      <Filter>Assets\Textures\MinecraftBlocks</Filter>
    </Image>
    <Image Include="Assets\Textures\MinecraftBlocks\destroy_stage_7.png">
      <Filter>Assets\Textures\MinecraftBlocks</Filter>
    </Image>
    <Image Include="Assets\Textures\MinecraftBlocks\destroy_stage_8.png">
      <Filter>Assets\Textures\MinecraftBlocks</Filter>
    </Image>
    <Image Include="Assets\Textures\MinecraftBlocks\destroy_stage_9.png">
      <Filter>Assets\Textures\MinecraftBlocks</Filter>
    </Image>
    <Image Include="Assets\Textures\MinecraftBlocks\diamond_block.png">
      <Filter>Assets\Textures\MinecraftBlocks</Filter>
    </Image>
    <Image Include="Assets\Textures\MinecraftBlocks\diamond_ore.png">
      <Filter>Assets\Textures\MinecraftBlocks</Filter>
    </Image>
    <Image Include="Assets\Textures\MinecraftBlocks\dirt.png">
      <Filter>Assets\Textures\MinecraftBlocks</Filter>
    </Image>
    <Image Include="Assets\Textures\MinecraftBlocks\dispenser_front_horizontal.png">
      <Filter>Assets\Textures\MinecraftBlocks</Filter>
    </Image>
    <Image Include="Assets\Textures\MinecraftBlocks\dispenser_front_vertical.png">
      <Filter>Assets\Textures\MinecraftBlocks</Filter>
    </Image>
    <Image Include="Assets\Textures\MinecraftBlocks\door_iron_lower.png">
      <Filter>Assets\Textures\MinecraftBlocks</Filter>
    </Image>
    <Image Include="Assets\Textures\MinecraftBlocks\door_iron_upper.png">
      <Filter>Assets\Textures\MinecraftBlocks</Filter>
    </Image>
    <Image Include="Assets\Textures\MinecraftBlocks\door_wood_lower.png">
      <Filter>Assets\Textures\MinecraftBlocks</Filter>
    </Image>
    <Image Include="Assets\Textures\MinecraftBlocks\door_wood_upper.png">
      <Filter>Assets\Textures\MinecraftBlocks</Filter>
    </Image>
    <Image Include="Assets\Textures\MinecraftBlocks\dragon_egg.png">
      <Filter>Assets\Textures\MinecraftBlocks</Filter>
    </Image>
    <Image Include="Assets\Textures\MinecraftBlocks\dropper_front_horizontal.png">
      <Filter>Assets\Textures\MinecraftBlocks</Filter>
    </Image>
    <Image Include="Assets\Textures\MinecraftBlocks\dropper_front_vertical.png">
      <Filter>Assets\Textures\MinecraftBlocks</Filter>
    </Image>
    <Image Include="Assets\Textures\MinecraftBlocks\emerald_block.png">
      <Filter>Assets\Textures\MinecraftBlocks</Filter>
    </Image>
    <Image Include="Assets\Textures\MinecraftBlocks\emerald_ore.png">
      <Filter>Assets\Textures\MinecraftBlocks</Filter>
    </Image>
    <Image Include="Assets\Textures\MinecraftBlocks\enchanting_table_bottom.png">
      <Filter>Assets\Textures\MinecraftBlocks</Filter>
    </Image>
    <Image Include="Assets\Textures\MinecraftBlocks\enchanting_table_side.png">
      <Filter>Assets\Textures\MinecraftBlocks</Filter>
    </Image>
    <Image Include="Assets\Textures\MinecraftBlocks\enchanting_table_top.png">
      <Filter>Assets\Textures\MinecraftBlocks</Filter>
    </Image>
    <Image Include="Assets\Textures\MinecraftBlocks\end_stone.png">
      <Filter>Assets\Textures\MinecraftBlocks</Filter>
    </Image>
    <Image Include="Assets\Textures\MinecraftBlocks\endframe_eye.png">
      <Filter>Assets\Textures\MinecraftBlocks</Filter>
    </Image>
    <Image Include="Assets\Textures\MinecraftBlocks\endframe_side.png">
      <Filter>Assets\Textures\MinecraftBlocks</Filter>
    </Image>
    <Image Include="Assets\Textures\MinecraftBlocks\endframe_top.png">
      <Filter>Assets\Textures\MinecraftBlocks</Filter>
    </Image>
    <Image Include="Assets\Textures\MinecraftBlocks\farmland_dry.png">
      <Filter>Assets\Textures\MinecraftBlocks</Filter>
    </Image>
    <Image Include="Assets\Textures\MinecraftBlocks\farmland_wet.png">
      <Filter>Assets\Textures\MinecraftBlocks</Filter>
    </Image>
    <Image Include="Assets\Textures\MinecraftBlocks\fern.png">
      <Filter>Assets\Textures\MinecraftBlocks</Filter>
    </Image>
    <Image Include="Assets\Textures\MinecraftBlocks\fire_layer_0.png">
      <Filter>Assets\Textures\MinecraftBlocks</Filter>
    </Image>
    <Image Include="Assets\Textures\MinecraftBlocks\fire_layer_1.png">
      <Filter>Assets\Textures\MinecraftBlocks</Filter>
    </Image>
    <Image Include="Assets\Textures\MinecraftBlocks\flower_dandelion.png">
      <Filter>Assets\Textures\MinecraftBlocks</Filter>
    </Image>
    <Image Include="Assets\Textures\MinecraftBlocks\flower_pot.png">
      <Filter>Assets\Textures\MinecraftBlocks</Filter>
    </Image>
    <Image Include="Assets\Textures\MinecraftBlocks\flower_rose.png">
      <Filter>Assets\Textures\MinecraftBlocks</Filter>
    </Image>
    <Image Include="Assets\Textures\MinecraftBlocks\furnace_front_off.png">
      <Filter>Assets\Textures\MinecraftBlocks</Filter>
    </Image>
    <Image Include="Assets\Textures\MinecraftBlocks\furnace_front_on.png">
      <Filter>Assets\Textures\MinecraftBlocks</Filter>
    </Image>
    <Image Include="Assets\Textures\MinecraftBlocks\furnace_side.png">
      <Filter>Assets\Textures\MinecraftBlocks</Filter>
    </Image>
    <Image Include="Assets\Textures\MinecraftBlocks\furnace_top.png">
      <Filter>Assets\Textures\MinecraftBlocks</Filter>
    </Image>
    <Image Include="Assets\Textures\MinecraftBlocks\glass.png">
      <Filter>Assets\Textures\MinecraftBlocks</Filter>
    </Image>
    <Image Include="Assets\Textures\MinecraftBlocks\glass_pane_top.png">
      <Filter>Assets\Textures\MinecraftBlocks</Filter>
    </Image>
    <Image Include="Assets\Textures\MinecraftBlocks\glowstone.png">
      <Filter>Assets\Textures\MinecraftBlocks</Filter>
    </Image>
    <Image Include="Assets\Textures\MinecraftBlocks\gold_block.png">
      <Filter>Assets\Textures\MinecraftBlocks</Filter>
    </Image>
    <Image Include="Assets\Textures\MinecraftBlocks\gold_ore.png">
      <Filter>Assets\Textures\MinecraftBlocks</Filter>
    </Image>
    <Image Include="Assets\Textures\MinecraftBlocks\grass_side.png">
      <Filter>Assets\Textures\MinecraftBlocks</Filter>
    </Image>
    <Image Include="Assets\Textures\MinecraftBlocks\grass_side_overlay.png">
      <Filter>Assets\Textures\MinecraftBlocks</Filter>
    </Image>
    <Image Include="Assets\Textures\MinecraftBlocks\grass_side_snowed.png">
      <Filter>Assets\Textures\MinecraftBlocks</Filter>
    </Image>
    <Image Include="Assets\Textures\MinecraftBlocks\grass_top.png">
      <Filter>Assets\Textures\MinecraftBlocks</Filter>
    </Image>
    <Image Include="Assets\Textures\MinecraftBlocks\gravel.png">
      <Filter>Assets\Textures\MinecraftBlocks</Filter>
    </Image>
    <Image Include="Assets\Textures\MinecraftBlocks\hardened_clay.png">
      <Filter>Assets\Textures\MinecraftBlocks</Filter>
    </Image>
    <Image Include="Assets\Textures\MinecraftBlocks\hardened_clay_stained_black.png">
      <Filter>Assets\Textures\MinecraftBlocks</Filter>
    </Image>
    <Image Include="Assets\Textures\MinecraftBlocks\hardened_clay_stained_blue.png">
      <Filter>Assets\Textures\MinecraftBlocks</Filter>
    </Image>
    <Image Include="Assets\Textures\MinecraftBlocks\hardened_clay_stained_brown.png">
      <Filter>Assets\Textures\MinecraftBlocks</Filter>
    </Image>
    <Image Include="Assets\Textures\MinecraftBlocks\hardened_clay_stained_cyan.png">
      <Filter>Assets\Textures\MinecraftBlocks</Filter>
    </Image>
    <Image Include="Assets\Textures\MinecraftBlocks\hardened_clay_stained_gray.png">
      <Filter>Assets\Textures\MinecraftBlocks</Filter>
    </Image>
    <Image Include="Assets\Textures\MinecraftBlocks\hardened_clay_stained_green.png">
      <Filter>Assets\Textures\MinecraftBlocks</Filter>
    </Image>
    <Image Include="Assets\Textures\MinecraftBlocks\hardened_clay_stained_light_blue.png">
      <Filter>Assets\Textures\MinecraftBlocks</Filter>
    </Image>
    <Image Include="Assets\Textures\MinecraftBlocks\hardened_clay_stained_lime.png">
      <Filter>Assets\Textures\MinecraftBlocks</Filter>
    </Image>
    <Image Include="Assets\Textures\MinecraftBlocks\hardened_clay_stained_magenta.png">
      <Filter>Assets\Textures\MinecraftBlocks</Filter>
    </Image>
    <Image Include="Assets\Textures\MinecraftBlocks\hardened_clay_stained_orange.png">
      <Filter>Assets\Textures\MinecraftBlocks</Filter>
    </Image>
    <Image Include="Assets\Textures\MinecraftBlocks\hardened_clay_stained_pink.png">
      <Filter>Assets\Textures\MinecraftBlocks</Filter>
    </Image>
    <Image Include="Assets\Textures\MinecraftBlocks\hardened_clay_stained_purple.png">
      <Filter>Assets\Textures\MinecraftBlocks</Filter>
    </Image>
    <Image Include="Assets\Textures\MinecraftBlocks\hardened_clay_stained_red.png">
      <Filter>Assets\Textures\MinecraftBlocks</Filter>
    </Image>
    <Image Include="Assets\Textures\MinecraftBlocks\hardened_clay_stained_silver.png">
      <Filter>Assets\Textures\MinecraftBlocks</Filter>
    </Image>
    <Image Include="Assets\Textures\MinecraftBlocks\hardened_clay_stained_white.png">
      <Filter>Assets\Textures\MinecraftBlocks</Filter>
    </Image>
    <Image Include="Assets\Textures\MinecraftBlocks\hardened_clay_stained_yellow.png">
      <Filter>Assets\Textures\MinecraftBlocks</Filter>
    </Image>
    <Image Include="Assets\Textures\MinecraftBlocks\hay_block_side.png">
      <Filter>Assets\Textures\MinecraftBlocks</Filter>
    </Image>
    <Image Include="Assets\Textures\MinecraftBlocks\hay_block_top.png">
      <Filter>Assets\Textures\MinecraftBlocks</Filter>
    </Image>
    <Image Include="Assets\Textures\MinecraftBlocks\hopper_inside.png">
      <Filter>Assets\Textures\MinecraftBlocks</Filter>
    </Image>
    <Image Include="Assets\Textures\MinecraftBlocks\hopper_outside.png">
      <Filter>Assets\Textures\MinecraftBlocks</Filter>
    </Image>
    <Image Include="Assets\Textures\MinecraftBlocks\hopper_top.png">
      <Filter>Assets\Textures\MinecraftBlocks</Filter>
    </Image>
    <Image Include="Assets\Textures\MinecraftBlocks\ice.png">
      <Filter>Assets\Textures\MinecraftBlocks</Filter>
    </Image>
    <Image Include="Assets\Textures\MinecraftBlocks\iron_bars.png">
      <Filter>Assets\Textures\MinecraftBlocks</Filter>
    </Image>
    <Image Include="Assets\Textures\MinecraftBlocks\iron_block.png">
      <Filter>Assets\Textures\MinecraftBlocks</Filter>
    </Image>
    <Image Include="Assets\Textures\MinecraftBlocks\iron_ore.png">
      <Filter>Assets\Textures\MinecraftBlocks</Filter>
    </Image>
    <Image Include="Assets\Textures\MinecraftBlocks\itemframe_background.png">
      <Filter>Assets\Textures\MinecraftBlocks</Filter>
    </Image>
    <Image Include="Assets\Textures\MinecraftBlocks\jukebox_side.png">
      <Filter>Assets\Textures\MinecraftBlocks</Filter>
    </Image>
    <Image Include="Assets\Textures\MinecraftBlocks\jukebox_top.png">
      <Filter>Assets\Textures\MinecraftBlocks</Filter>
    </Image>
    <Image Include="Assets\Textures\MinecraftBlocks\ladder.png">
      <Filter>Assets\Textures\MinecraftBlocks</Filter>
    </Image>
    <Image Include="Assets\Textures\MinecraftBlocks\lapis_block.png">
      <Filter>Assets\Textures\MinecraftBlocks</Filter>
    </Image>
    <Image Include="Assets\Textures\MinecraftBlocks\lapis_ore.png">
      <Filter>Assets\Textures\MinecraftBlocks</Filter>
    </Image>
    <Image Include="Assets\Textures\MinecraftBlocks\lava_flow.png">
      <Filter>Assets\Textures\MinecraftBlocks</Filter>
    </Image>
    <Image Include="Assets\Textures\MinecraftBlocks\lava_still.png">
      <Filter>Assets\Textures\MinecraftBlocks</Filter>
    </Image>
    <Image Include="Assets\Textures\MinecraftBlocks\leaves_birch.png">
      <Filter>Assets\Textures\MinecraftBlocks</Filter>
    </Image>
    <Image Include="Assets\Textures\MinecraftBlocks\leaves_birch_opaque.png">
      <Filter>Assets\Textures\MinecraftBlocks</Filter>
    </Image>
    <Image Include="Assets\Textures\MinecraftBlocks\leaves_jungle.png">
      <Filter>Assets\Textures\MinecraftBlocks</Filter>
    </Image>
    <Image Include="Assets\Textures\MinecraftBlocks\leaves_jungle_opaque.png">
      <Filter>Assets\Textures\MinecraftBlocks</Filter>
    </Image>
    <Image Include="Assets\Textures\MinecraftBlocks\leaves_oak.png">
      <Filter>Assets\Textures\MinecraftBlocks</Filter>
    </Image>
    <Image Include="Assets\Textures\MinecraftBlocks\leaves_oak_opaque.png">
      <Filter>Assets\Textures\MinecraftBlocks</Filter>
    </Image>
    <Image Include="Assets\Textures\MinecraftBlocks\leaves_spruce.png">
      <Filter>Assets\Textures\MinecraftBlocks</Filter>
    </Image>
    <Image Include="Assets\Textures\MinecraftBlocks\leaves_spruce_opaque.png">
      <Filter>Assets\Textures\MinecraftBlocks</Filter>
    </Image>
    <Image Include="Assets\Textures\MinecraftBlocks\lever.png">
      <Filter>Assets\Textures\MinecraftBlocks</Filter>
    </Image>
    <Image Include="Assets\Textures\MinecraftBlocks\log_birch.png">
      <Filter>Assets\Textures\MinecraftBlocks</Filter>
    </Image>
    <Image Include="Assets\Textures\MinecraftBlocks\log_birch_top.png">
      <Filter>Assets\Textures\MinecraftBlocks</Filter>
    </Image>
    <Image Include="Assets\Textures\MinecraftBlocks\log_jungle.png">
      <Filter>Assets\Textures\MinecraftBlocks</Filter>
    </Image>
    <Image Include="Assets\Textures\MinecraftBlocks\log_jungle_top.png">
      <Filter>Assets\Textures\MinecraftBlocks</Filter>
    </Image>
    <Image Include="Assets\Textures\MinecraftBlocks\log_oak.png">
      <Filter>Assets\Textures\MinecraftBlocks</Filter>
    </Image>
    <Image Include="Assets\Textures\MinecraftBlocks\log_oak_top.png">
      <Filter>Assets\Textures\MinecraftBlocks</Filter>
    </Image>
    <Image Include="Assets\Textures\MinecraftBlocks\log_spruce.png">
      <Filter>Assets\Textures\MinecraftBlocks</Filter>
    </Image>
    <Image Include="Assets\Textures\MinecraftBlocks\log_spruce_top.png">
      <Filter>Assets\Textures\MinecraftBlocks</Filter>
    </Image>
    <Image Include="Assets\Textures\MinecraftBlocks\melon_side.png">
      <Filter>Assets\Textures\MinecraftBlocks</Filter>
    </Image>
    <Image Include="Assets\Textures\MinecraftBlocks\melon_stem_connected.png">
      <Filter>Assets\Textures\MinecraftBlocks</Filter>
    </Image>
    <Image Include="Assets\Textures\MinecraftBlocks\melon_stem_disconnected.png">
      <Filter>Assets\Textures\MinecraftBlocks</Filter>
    </Image>
    <Image Include="Assets\Textures\MinecraftBlocks\melon_top.png">
      <Filter>Assets\Textures\MinecraftBlocks</Filter>
    </Image>
    <Image Include="Assets\Textures\MinecraftBlocks\mob_spawner.png">
      <Filter>Assets\Textures\MinecraftBlocks</Filter>
    </Image>
    <Image Include="Assets\Textures\MinecraftBlocks\mushroom_block_inside.png">
      <Filter>Assets\Textures\MinecraftBlocks</Filter>
    </Image>
    <Image Include="Assets\Textures\MinecraftBlocks\mushroom_block_skin_brown.png">
      <Filter>Assets\Textures\MinecraftBlocks</Filter>
    </Image>
    <Image Include="Assets\Textures\MinecraftBlocks\mushroom_block_skin_red.png">
      <Filter>Assets\Textures\MinecraftBlocks</Filter>
    </Image>
    <Image Include="Assets\Textures\MinecraftBlocks\mushroom_block_skin_stem.png">
      <Filter>Assets\Textures\MinecraftBlocks</Filter>
    </Image>
    <Image Include="Assets\Textures\MinecraftBlocks\mushroom_brown.png">
      <Filter>Assets\Textures\MinecraftBlocks</Filter>
    </Image>
    <Image Include="Assets\Textures\MinecraftBlocks\mushroom_red.png">
      <Filter>Assets\Textures\MinecraftBlocks</Filter>
    </Image>
    <Image Include="Assets\Textures\MinecraftBlocks\mycelium_side.png">
      <Filter>Assets\Textures\MinecraftBlocks</Filter>
    </Image>
    <Image Include="Assets\Textures\MinecraftBlocks\mycelium_top.png">
      <Filter>Assets\Textures\MinecraftBlocks</Filter>
    </Image>
    <Image Include="Assets\Textures\MinecraftBlocks\nether_brick.png">
      <Filter>Assets\Textures\MinecraftBlocks</Filter>
    </Image>
    <Image Include="Assets\Textures\MinecraftBlocks\nether_wart_stage_0.png">
      <Filter>Assets\Textures\MinecraftBlocks</Filter>
    </Image>
    <Image Include="Assets\Textures\MinecraftBlocks\nether_wart_stage_1.png">
      <Filter>Assets\Textures\MinecraftBlocks</Filter>
    </Image>
    <Image Include="Assets\Textures\MinecraftBlocks\nether_wart_stage_2.png">
      <Filter>Assets\Textures\MinecraftBlocks</Filter>
    </Image>
    <Image Include="Assets\Textures\MinecraftBlocks\netherrack.png">
      <Filter>Assets\Textures\MinecraftBlocks</Filter>
    </Image>
    <Image Include="Assets\Textures\MinecraftBlocks\noteblock.png">
      <Filter>Assets\Textures\MinecraftBlocks</Filter>
    </Image>
    <Image Include="Assets\Textures\MinecraftBlocks\obsidian.png">
      <Filter>Assets\Textures\MinecraftBlocks</Filter>
    </Image>
    <Image Include="Assets\Textures\MinecraftBlocks\piston_bottom.png">
      <Filter>Assets\Textures\MinecraftBlocks</Filter>
    </Image>
    <Image Include="Assets\Textures\MinecraftBlocks\piston_inner.png">
      <Filter>Assets\Textures\MinecraftBlocks</Filter>
    </Image>
    <Image Include="Assets\Textures\MinecraftBlocks\piston_side.png">
      <Filter>Assets\Textures\MinecraftBlocks</Filter>
    </Image>
    <Image Include="Assets\Textures\MinecraftBlocks\piston_top_normal.png">
      <Filter>Assets\Textures\MinecraftBlocks</Filter>
    </Image>
    <Image Include="Assets\Textures\MinecraftBlocks\piston_top_sticky.png">
      <Filter>Assets\Textures\MinecraftBlocks</Filter>
    </Image>
    <Image Include="Assets\Textures\MinecraftBlocks\planks_birch.png">
      <Filter>Assets\Textures\MinecraftBlocks</Filter>
    </Image>
    <Image Include="Assets\Textures\MinecraftBlocks\planks_jungle.png">
      <Filter>Assets\Textures\MinecraftBlocks</Filter>
    </Image>
    <Image Include="Assets\Textures\MinecraftBlocks\planks_oak.png">
      <Filter>Assets\Textures\MinecraftBlocks</Filter>
    </Image>
    <Image Include="Assets\Textures\MinecraftBlocks\planks_spruce.png">
      <Filter>Assets\Textures\MinecraftBlocks</Filter>
    </Image>
    <Image Include="Assets\Textures\MinecraftBlocks\portal.png">
      <Filter>Assets\Textures\MinecraftBlocks</Filter>
    </Image>
    <Image Include="Assets\Textures\MinecraftBlocks\potatoes_stage_0.png">
      <Filter>Assets\Textures\MinecraftBlocks</Filter>
    </Image>
    <Image Include="Assets\Textures\MinecraftBlocks\potatoes_stage_1.png">
      <Filter>Assets\Textures\MinecraftBlocks</Filter>
    </Image>
    <Image Include="Assets\Textures\MinecraftBlocks\potatoes_stage_2.png">
      <Filter>Assets\Textures\MinecraftBlocks</Filter>
    </Image>
    <Image Include="Assets\Textures\MinecraftBlocks\potatoes_stage_3.png">
      <Filter>Assets\Textures\MinecraftBlocks</Filter>
    </Image>
    <Image Include="Assets\Textures\MinecraftBlocks\pumpkin_face_off.png">
      <Filter>Assets\Textures\MinecraftBlocks</Filter>
    </Image>
    <Image Include="Assets\Textures\MinecraftBlocks\pumpkin_face_on.png">
      <Filter>Assets\Textures\MinecraftBlocks</Filter>
    </Image>
    <Image Include="Assets\Textures\MinecraftBlocks\pumpkin_side.png">
      <Filter>Assets\Textures\MinecraftBlocks</Filter>
    </Image>
    <Image Include="Assets\Textures\MinecraftBlocks\pumpkin_stem_connected.png">
      <Filter>Assets\Textures\MinecraftBlocks</Filter>
    </Image>
    <Image Include="Assets\Textures\MinecraftBlocks\pumpkin_stem_disconnected.png">
      <Filter>Assets\Textures\MinecraftBlocks</Filter>
    </Image>
    <Image Include="Assets\Textures\MinecraftBlocks\pumpkin_top.png">
      <Filter>Assets\Textures\MinecraftBlocks</Filter>
    </Image>
    <Image Include="Assets\Textures\MinecraftBlocks\quartz_block_bottom.png">
      <Filter>Assets\Textures\MinecraftBlocks</Filter>
    </Image>
    <Image Include="Assets\Textures\MinecraftBlocks\quartz_block_chiseled.png">
      <Filter>Assets\Textures\MinecraftBlocks</Filter>
    </Image>
    <Image Include="Assets\Textures\MinecraftBlocks\quartz_block_chiseled_top.png">
      <Filter>Assets\Textures\MinecraftBlocks</Filter>
    </Image>
    <Image Include="Assets\Textures\MinecraftBlocks\quartz_block_lines.png">
      <Filter>Assets\Textures\MinecraftBlocks</Filter>
    </Image>
    <Image Include="Assets\Textures\MinecraftBlocks\quartz_block_lines_top.png">
      <Filter>Assets\Textures\MinecraftBlocks</Filter>
    </Image>
    <Image Include="Assets\Textures\MinecraftBlocks\quartz_block_side.png">
      <Filter>Assets\Textures\MinecraftBlocks</Filter>
    </Image>
    <Image Include="Assets\Textures\MinecraftBlocks\quartz_block_top.png">
      <Filter>Assets\Textures\MinecraftBlocks</Filter>
    </Image>
    <Image Include="Assets\Textures\MinecraftBlocks\quartz_ore.png">
      <Filter>Assets\Textures\MinecraftBlocks</Filter>
    </Image>
    <Image Include="Assets\Textures\MinecraftBlocks\rail_activator.png">
      <Filter>Assets\Textures\MinecraftBlocks</Filter>
    </Image>
    <Image Include="Assets\Textures\MinecraftBlocks\rail_activator_powered.png">
      <Filter>Assets\Textures\MinecraftBlocks</Filter>
    </Image>
    <Image Include="Assets\Textures\MinecraftBlocks\rail_detector.png">
      <Filter>Assets\Textures\MinecraftBlocks</Filter>
    </Image>
    <Image Include="Assets\Textures\MinecraftBlocks\rail_detector_powered.png">
      <Filter>Assets\Textures\MinecraftBlocks</Filter>
    </Image>
    <Image Include="Assets\Textures\MinecraftBlocks\rail_golden.png">
      <Filter>Assets\Textures\MinecraftBlocks</Filter>
    </Image>
    <Image Include="Assets\Textures\MinecraftBlocks\rail_golden_powered.png">
      <Filter>Assets\Textures\MinecraftBlocks</Filter>
    </Image>
    <Image Include="Assets\Textures\MinecraftBlocks\rail_normal.png">
      <Filter>Assets\Textures\MinecraftBlocks</Filter>
    </Image>
    <Image Include="Assets\Textures\MinecraftBlocks\rail_normal_turned.png">
      <Filter>Assets\Textures\MinecraftBlocks</Filter>
    </Image>
    <Image Include="Assets\Textures\MinecraftBlocks\redstone_block.png">
      <Filter>Assets\Textures\MinecraftBlocks</Filter>
    </Image>
    <Image Include="Assets\Textures\MinecraftBlocks\redstone_dust_cross.png">
      <Filter>Assets\Textures\MinecraftBlocks</Filter>
    </Image>
    <Image Include="Assets\Textures\MinecraftBlocks\redstone_dust_cross_overlay.png">
      <Filter>Assets\Textures\MinecraftBlocks</Filter>
    </Image>
    <Image Include="Assets\Textures\MinecraftBlocks\redstone_dust_line.png">
      <Filter>Assets\Textures\MinecraftBlocks</Filter>
    </Image>
    <Image Include="Assets\Textures\MinecraftBlocks\redstone_dust_line_overlay.png">
      <Filter>Assets\Textures\MinecraftBlocks</Filter>
    </Image>
    <Image Include="Assets\Textures\MinecraftBlocks\redstone_lamp_off.png">
      <Filter>Assets\Textures\MinecraftBlocks</Filter>
    </Image>
    <Image Include="Assets\Textures\MinecraftBlocks\redstone_lamp_on.png">
      <Filter>Assets\Textures\MinecraftBlocks</Filter>
    </Image>
    <Image Include="Assets\Textures\MinecraftBlocks\redstone_ore.png">
      <Filter>Assets\Textures\MinecraftBlocks</Filter>
    </Image>
    <Image Include="Assets\Textures\MinecraftBlocks\redstone_torch_off.png">
      <Filter>Assets\Textures\MinecraftBlocks</Filter>
    </Image>
    <Image Include="Assets\Textures\MinecraftBlocks\redstone_torch_on.png">
      <Filter>Assets\Textures\MinecraftBlocks</Filter>
    </Image>
    <Image Include="Assets\Textures\MinecraftBlocks\reeds.png">
      <Filter>Assets\Textures\MinecraftBlocks</Filter>
    </Image>
    <Image Include="Assets\Textures\MinecraftBlocks\repeater_off.png">
      <Filter>Assets\Textures\MinecraftBlocks</Filter>
    </Image>
    <Image Include="Assets\Textures\MinecraftBlocks\repeater_on.png">
      <Filter>Assets\Textures\MinecraftBlocks</Filter>
    </Image>
    <Image Include="Assets\Textures\MinecraftBlocks\sand.png">
      <Filter>Assets\Textures\MinecraftBlocks</Filter>
    </Image>
    <Image Include="Assets\Textures\MinecraftBlocks\sandstone_bottom.png">
      <Filter>Assets\Textures\MinecraftBlocks</Filter>
    </Image>
    <Image Include="Assets\Textures\MinecraftBlocks\sandstone_carved.png">
      <Filter>Assets\Textures\MinecraftBlocks</Filter>
    </Image>
    <Image Include="Assets\Textures\MinecraftBlocks\sandstone_normal.png">
      <Filter>Assets\Textures\MinecraftBlocks</Filter>
    </Image>
    <Image Include="Assets\Textures\MinecraftBlocks\sandstone_smooth.png">
      <Filter>Assets\Textures\MinecraftBlocks</Filter>
    </Image>
    <Image Include="Assets\Textures\MinecraftBlocks\sandstone_top.png">
      <Filter>Assets\Textures\MinecraftBlocks</Filter>
    </Image>
    <Image Include="Assets\Textures\MinecraftBlocks\sapling_birch.png">
      <Filter>Assets\Textures\MinecraftBlocks</Filter>
    </Image>
    <Image Include="Assets\Textures\MinecraftBlocks\sapling_jungle.png">
      <Filter>Assets\Textures\MinecraftBlocks</Filter>
    </Image>
    <Image Include="Assets\Textures\MinecraftBlocks\sapling_oak.png">
      <Filter>Assets\Textures\MinecraftBlocks</Filter>
    </Image>
    <Image Include="Assets\Textures\MinecraftBlocks\sapling_spruce.png">
      <Filter>Assets\Textures\MinecraftBlocks</Filter>
    </Image>
    <Image Include="Assets\Textures\MinecraftBlocks\snow.png">
      <Filter>Assets\Textures\MinecraftBlocks</Filter>
    </Image>
    <Image Include="Assets\Textures\MinecraftBlocks\soul_sand.png">
      <Filter>Assets\Textures\MinecraftBlocks</Filter>
    </Image>
    <Image Include="Assets\Textures\MinecraftBlocks\sponge.png">
      <Filter>Assets\Textures\MinecraftBlocks</Filter>
    </Image>
    <Image Include="Assets\Textures\MinecraftBlocks\stone.png">
      <Filter>Assets\Textures\MinecraftBlocks</Filter>
    </Image>
    <Image Include="Assets\Textures\MinecraftBlocks\stone_slab_side.png">
      <Filter>Assets\Textures\MinecraftBlocks</Filter>
    </Image>
    <Image Include="Assets\Textures\MinecraftBlocks\stone_slab_top.png">
      <Filter>Assets\Textures\MinecraftBlocks</Filter>
    </Image>
    <Image Include="Assets\Textures\MinecraftBlocks\stonebrick.png">
      <Filter>Assets\Textures\MinecraftBlocks</Filter>
    </Image>
    <Image Include="Assets\Textures\MinecraftBlocks\stonebrick_carved.png">
      <Filter>Assets\Textures\MinecraftBlocks</Filter>
    </Image>
    <Image Include="Assets\Textures\MinecraftBlocks\stonebrick_cracked.png">
      <Filter>Assets\Textures\MinecraftBlocks</Filter>
    </Image>
    <Image Include="Assets\Textures\MinecraftBlocks\stonebrick_mossy.png">
      <Filter>Assets\Textures\MinecraftBlocks</Filter>
    </Image>
    <Image Include="Assets\Textures\MinecraftBlocks\tallgrass.png">
      <Filter>Assets\Textures\MinecraftBlocks</Filter>
    </Image>
    <Image Include="Assets\Textures\MinecraftBlocks\tnt_bottom.png">
      <Filter>Assets\Textures\MinecraftBlocks</Filter>
    </Image>
    <Image Include="Assets\Textures\MinecraftBlocks\tnt_side.png">
      <Filter>Assets\Textures\MinecraftBlocks</Filter>
    </Image>
    <Image Include="Assets\Textures\MinecraftBlocks\tnt_top.png">
      <Filter>Assets\Textures\MinecraftBlocks</Filter>
    </Image>
    <Image Include="Assets\Textures\MinecraftBlocks\torch_on.png">
      <Filter>Assets\Textures\MinecraftBlocks</Filter>
    </Image>
    <Image Include="Assets\Textures\MinecraftBlocks\trapdoor.png">
      <Filter>Assets\Textures\MinecraftBlocks</Filter>
    </Image>
    <Image Include="Assets\Textures\MinecraftBlocks\trip_wire.png">
      <Filter>Assets\Textures\MinecraftBlocks</Filter>
    </Image>
    <Image Include="Assets\Textures\MinecraftBlocks\trip_wire_source.png">
      <Filter>Assets\Textures\MinecraftBlocks</Filter>
    </Image>
    <Image Include="Assets\Textures\MinecraftBlocks\vine.png">
      <Filter>Assets\Textures\MinecraftBlocks</Filter>
    </Image>
    <Image Include="Assets\Textures\MinecraftBlocks\water_flow.png">
      <Filter>Assets\Textures\MinecraftBlocks</Filter>
    </Image>
    <Image Include="Assets\Textures\MinecraftBlocks\water_still.png">
      <Filter>Assets\Textures\MinecraftBlocks</Filter>
    </Image>
    <Image Include="Assets\Textures\MinecraftBlocks\waterlily.png">
      <Filter>Assets\Textures\MinecraftBlocks</Filter>
    </Image>
    <Image Include="Assets\Textures\MinecraftBlocks\web.png">
      <Filter>Assets\Textures\MinecraftBlocks</Filter>
    </Image>
    <Image Include="Assets\Textures\MinecraftBlocks\wheat_stage_0.png">
      <Filter>Assets\Textures\MinecraftBlocks</Filter>
    </Image>
    <Image Include="Assets\Textures\MinecraftBlocks\wheat_stage_1.png">
      <Filter>Assets\Textures\MinecraftBlocks</Filter>
    </Image>
    <Image Include="Assets\Textures\MinecraftBlocks\wheat_stage_2.png">
      <Filter>Assets\Textures\MinecraftBlocks</Filter>
    </Image>
    <Image Include="Assets\Textures\MinecraftBlocks\wheat_stage_3.png">
      <Filter>Assets\Textures\MinecraftBlocks</Filter>
    </Image>
    <Image Include="Assets\Textures\MinecraftBlocks\wheat_stage_4.png">
      <Filter>Assets\Textures\MinecraftBlocks</Filter>
    </Image>
    <Image Include="Assets\Textures\MinecraftBlocks\wheat_stage_5.png">
      <Filter>Assets\Textures\MinecraftBlocks</Filter>
    </Image>
    <Image Include="Assets\Textures\MinecraftBlocks\wheat_stage_6.png">
      <Filter>Assets\Textures\MinecraftBlocks</Filter>
    </Image>
    <Image Include="Assets\Textures\MinecraftBlocks\wheat_stage_7.png">
      <Filter>Assets\Textures\MinecraftBlocks</Filter>
    </Image>
    <Image Include="Assets\Textures\MinecraftBlocks\wool_colored_black.png">
      <Filter>Assets\Textures\MinecraftBlocks</Filter>
    </Image>
    <Image Include="Assets\Textures\MinecraftBlocks\wool_colored_blue.png">
      <Filter>Assets\Textures\MinecraftBlocks</Filter>
    </Image>
    <Image Include="Assets\Textures\MinecraftBlocks\wool_colored_brown.png">
      <Filter>Assets\Textures\MinecraftBlocks</Filter>
    </Image>
    <Image Include="Assets\Textures\MinecraftBlocks\wool_colored_cyan.png">
      <Filter>Assets\Textures\MinecraftBlocks</Filter>
    </Image>
    <Image Include="Assets\Textures\MinecraftBlocks\wool_colored_gray.png">
      <Filter>Assets\Textures\MinecraftBlocks</Filter>
    </Image>
    <Image Include="Assets\Textures\MinecraftBlocks\wool_colored_green.png">
      <Filter>Assets\Textures\MinecraftBlocks</Filter>
    </Image>
    <Image Include="Assets\Textures\MinecraftBlocks\wool_colored_light_blue.png">
      <Filter>Assets\Textures\MinecraftBlocks</Filter>
    </Image>
    <Image Include="Assets\Textures\MinecraftBlocks\wool_colored_lime.png">
      <Filter>Assets\Textures\MinecraftBlocks</Filter>
    </Image>
    <Image Include="Assets\Textures\MinecraftBlocks\wool_colored_magenta.png">
      <Filter>Assets\Textures\MinecraftBlocks</Filter>
    </Image>
    <Image Include="Assets\Textures\MinecraftBlocks\wool_colored_orange.png">
      <Filter>Assets\Textures\MinecraftBlocks</Filter>
    </Image>
    <Image Include="Assets\Textures\MinecraftBlocks\wool_colored_pink.png">
      <Filter>Assets\Textures\MinecraftBlocks</Filter>
    </Image>
    <Image Include="Assets\Textures\MinecraftBlocks\wool_colored_purple.png">
      <Filter>Assets\Textures\MinecraftBlocks</Filter>
    </Image>
    <Image Include="Assets\Textures\MinecraftBlocks\wool_colored_red.png">
      <Filter>Assets\Textures\MinecraftBlocks</Filter>
    </Image>
    <Image Include="Assets\Textures\MinecraftBlocks\wool_colored_silver.png">
      <Filter>Assets\Textures\MinecraftBlocks</Filter>
    </Image>
    <Image Include="Assets\Textures\MinecraftBlocks\wool_colored_white.png">
      <Filter>Assets\Textures\MinecraftBlocks</Filter>
    </Image>
    <Image Include="Assets\Textures\MinecraftBlocks\wool_colored_yellow.png">
      <Filter>Assets\Textures\MinecraftBlocks</Filter>
    </Image>
    <Image Include="Assets\Textures\defaultwhite.png">
      <Filter>Assets\Textures</Filter>
    </Image>
  </ItemGroup>
</Project>