
Microsoft Visual Studio Solution File, Format Version 11.00
# Visual Studio 2010
Project("{8BC9CEB8-8B4A-11D0-8D11-00A0C91BC942}") = "glload", "glload\glload.vcxproj", "{CBF09412-E999-5B44-9FF2-5A187F82F33E}"
EndProject
Project("{8BC9CEB8-8B4A-11D0-8D11-00A0C91BC942}") = "glimg", "glimg\glimg.vcxproj", "{2A959EF9-B279-6141-B145-BF145E99FDCC}"
EndProject
Project("{8BC9CEB8-8B4A-11D0-8D11-00A0C91BC942}") = "glfw", "glfw\glfw.vcxproj", "{3CF02A9F-DCA4-ED4F-8C51-9F944032E053}"
EndProject
Project("{8BC9CEB8-8B4A-11D0-8D11-00A0C91BC942}") = "freeglut", "freeglut\freeglut.vcxproj", "{888EEF8C-2690-5F43-AED8-F10188EC7B79}"
EndProject
Project("{8BC9CEB8-8B4A-11D0-8D11-00A0C91BC942}") = "glutil", "glutil\glutil.vcxproj", "{35C6F53C-7968-1345-8CDF-5E82832CA731}"
EndProject
Project("{8BC9CEB8-8B4A-11D0-8D11-00A0C91BC942}") = "glmesh", "glmesh\glmesh.vcxproj", "{37E78E10-ACF5-3E4F-B707-9CF4EB8EBF1C}"
EndProject
Global
	GlobalSection(SolutionConfigurationPlatforms) = preSolution
		Debug|Win32 = Debug|Win32
		Release|Win32 = Release|Win32
	EndGlobalSection
	GlobalSection(ProjectConfigurationPlatforms) = postSolution
		{CBF09412-E999-5B44-9FF2-5A187F82F33E}.Debug|Win32.ActiveCfg = Debug|Win32
		{CBF09412-E999-5B44-9FF2-5A187F82F33E}.Debug|Win32.Build.0 = Debug|Win32
		{CBF09412-E999-5B44-9FF2-5A187F82F33E}.Release|Win32.ActiveCfg = Release|Win32
		{CBF09412-E999-5B44-9FF2-5A187F82F33E}.Release|Win32.Build.0 = Release|Win32
		{2A959EF9-B279-6141-B145-BF145E99FDCC}.Debug|Win32.ActiveCfg = Debug|Win32
		{2A959EF9-B279-6141-B145-BF145E99FDCC}.Debug|Win32.Build.0 = Debug|Win32
		{2A959EF9-B279-6141-B145-BF145E99FDCC}.Release|Win32.ActiveCfg = Release|Win32
		{2A959EF9-B279-6141-B145-BF145E99FDCC}.Release|Win32.Build.0 = Release|Win32
		{3CF02A9F-DCA4-ED4F-8C51-9F944032E053}.Debug|Win32.ActiveCfg = Debug|Win32
		{3CF02A9F-DCA4-ED4F-8C51-9F944032E053}.Debug|Win32.Build.0 = Debug|Win32
		{3CF02A9F-DCA4-ED4F-8C51-9F944032E053}.Release|Win32.ActiveCfg = Release|Win32
		{3CF02A9F-DCA4-ED4F-8C51-9F944032E053}.Release|Win32.Build.0 = Release|Win32
		{888EEF8C-2690-5F43-AED8-F10188EC7B79}.Debug|Win32.ActiveCfg = Debug|Win32
		{888EEF8C-2690-5F43-AED8-F10188EC7B79}.Debug|Win32.Build.0 = Debug|Win32
		{888EEF8C-2690-5F43-AED8-F10188EC7B79}.Release|Win32.ActiveCfg = Release|Win32
		{888EEF8C-2690-5F43-AED8-F10188EC7B79}.Release|Win32.Build.0 = Release|Win32
		{35C6F53C-7968-1345-8CDF-5E82832CA731}.Debug|Win32.ActiveCfg = Debug|Win32
		{35C6F53C-7968-1345-8CDF-5E82832CA731}.Debug|Win32.Build.0 = Debug|Win32
		{35C6F53C-7968-1345-8CDF-5E82832CA731}.Release|Win32.ActiveCfg = Release|Win32
		{35C6F53C-7968-1345-8CDF-5E82832CA731}.Release|Win32.Build.0 = Release|Win32
		{37E78E10-ACF5-3E4F-B707-9CF4EB8EBF1C}.Debug|Win32.ActiveCfg = Debug|Win32
		{37E78E10-ACF5-3E4F-B707-9CF4EB8EBF1C}.Debug|Win32.Build.0 = Debug|Win32
		{37E78E10-ACF5-3E4F-B707-9CF4EB8EBF1C}.Release|Win32.ActiveCfg = Release|Win32
		{37E78E10-ACF5-3E4F-B707-9CF4EB8EBF1C}.Release|Win32.Build.0 = Release|Win32
	EndGlobalSection
	GlobalSection(SolutionProperties) = preSolution
		HideSolutionNode = FALSE
	EndGlobalSection
EndGlobal
