
Microsoft Visual Studio Solution File, Format Version 11.00
# Visual C++ Express 2010
Project("{8BC9CEB8-8B4A-11D0-8D11-00A0C91BC942}") = "sdl2-3d", "sdl2-3d\sdl2-3d.vcxproj", "{BFD87650-6020-41DA-8A4C-CB7843B7CD65}"
EndProject
Global
	GlobalSection(SolutionConfigurationPlatforms) = preSolution
		Debug|Win32 = Debug|Win32
		Release|Win32 = Release|Win32
	EndGlobalSection
	GlobalSection(ProjectConfigurationPlatforms) = postSolution
		{BFD87650-6020-41DA-8A4C-CB7843B7CD65}.Debug|Win32.ActiveCfg = Debug|Win32
		{BFD87650-6020-41DA-8A4C-CB7843B7CD65}.Debug|Win32.Build.0 = Debug|Win32
		{BFD87650-6020-41DA-8A4C-CB7843B7CD65}.Release|Win32.ActiveCfg = Release|Win32
		{BFD87650-6020-41DA-8A4C-CB7843B7CD65}.Release|Win32.Build.0 = Release|Win32
	EndGlobalSection
	GlobalSection(SolutionProperties) = preSolution
		HideSolutionNode = FALSE
	EndGlobalSection
EndGlobal
